
Microsoft Visual Studio Solution File, Format Version 12.00
# Visual Studio 2012
Project("{8BC9CEB8-8B4A-11D0-8D11-00A0C91BC942}") = "Parser", "Parser\Parser.vcxproj", "{E5FC4466-1C1F-4898-AF87-EAEE6795CE54}"
EndProject
Project("{FAE04EC0-301F-11D3-BF4B-00C04F79EFBC}") = "utl", "utl\utl.csproj", "{A04DB894-2277-4B0A-93C6-30FA1F5D5FE5}"
	ProjectSection(ProjectDependencies) = postProject
		{9F880310-BA40-4DF0-BBC8-8CB78EF133D1} = {9F880310-BA40-4DF0-BBC8-8CB78EF133D1}
		{BB30B844-5CB6-49F8-96F3-95539721EC19} = {BB30B844-5CB6-49F8-96F3-95539721EC19}
		{5D84BB65-F592-446F-96C5-8C8AF9CB4482} = {5D84BB65-F592-446F-96C5-8C8AF9CB4482}
		{E5FC4466-1C1F-4898-AF87-EAEE6795CE54} = {E5FC4466-1C1F-4898-AF87-EAEE6795CE54}
		{C41B3475-B65D-4FCA-9AC1-75CDD1BB41EE} = {C41B3475-B65D-4FCA-9AC1-75CDD1BB41EE}
	EndProjectSection
EndProject
Project("{FAE04EC0-301F-11D3-BF4B-00C04F79EFBC}") = "ExcelWriter", "ExcelWriter\ExcelWriter.csproj", "{B6534DAC-331C-4652-9097-9CB3DC825C60}"
EndProject
Project("{FAE04EC0-301F-11D3-BF4B-00C04F79EFBC}") = "WordsMatching", "WordsMatching\WordsMatching.csproj", "{C41B3475-B65D-4FCA-9AC1-75CDD1BB41EE}"
EndProject
Project("{FAE04EC0-301F-11D3-BF4B-00C04F79EFBC}") = "Wnlib", "Wnlib\Wnlib.csproj", "{5D84BB65-F592-446F-96C5-8C8AF9CB4482}"
EndProject
Project("{FAE04EC0-301F-11D3-BF4B-00C04F79EFBC}") = "NBoilerpipe", "NBoilerpipe\NBoilerpipe.csproj", "{9F880310-BA40-4DF0-BBC8-8CB78EF133D1}"
EndProject
Project("{FAE04EC0-301F-11D3-BF4B-00C04F79EFBC}") = "Sharpen", "Sharpen\Sharpen.csproj", "{BB30B844-5CB6-49F8-96F3-95539721EC19}"
EndProject
Project("{FAE04EC0-301F-11D3-BF4B-00C04F79EFBC}") = "ReEvents", "ReEvents\ReEvents.csproj", "{244A1410-58D9-45D6-B346-C4521BE455C3}"
	ProjectSection(ProjectDependencies) = postProject
		{B6534DAC-331C-4652-9097-9CB3DC825C60} = {B6534DAC-331C-4652-9097-9CB3DC825C60}
	EndProjectSection
EndProject
Project("{FAE04EC0-301F-11D3-BF4B-00C04F79EFBC}") = "Collector", "Collector\Collector.csproj", "{EEB89272-4154-4D88-8C7C-CF873FB5CD1F}"
	ProjectSection(ProjectDependencies) = postProject
		{244A1410-58D9-45D6-B346-C4521BE455C3} = {244A1410-58D9-45D6-B346-C4521BE455C3}
		{E5FC4466-1C1F-4898-AF87-EAEE6795CE54} = {E5FC4466-1C1F-4898-AF87-EAEE6795CE54}
		{A04DB894-2277-4B0A-93C6-30FA1F5D5FE5} = {A04DB894-2277-4B0A-93C6-30FA1F5D5FE5}
	EndProjectSection
EndProject
Project("{FAE04EC0-301F-11D3-BF4B-00C04F79EFBC}") = "ExcelReader", "ExcelReader\ExcelReader.csproj", "{7CFF76B0-8947-4D04-817D-414CBE1FA8CD}"
EndProject
Project("{FAE04EC0-301F-11D3-BF4B-00C04F79EFBC}") = "LanguageIdentifier", "LanguageIdentifier\LanguageIdentifier.csproj", "{28EB463A-DD7B-41D3-94CE-96702D891E27}"
EndProject
Project("{FAE04EC0-301F-11D3-BF4B-00C04F79EFBC}") = "SentimentOut", "SentimentOut\SentimentOut.csproj", "{82043183-F9EF-4154-B37D-42F982E04031}"
EndProject
Project("{FAE04EC0-301F-11D3-BF4B-00C04F79EFBC}") = "ScannerDB", "ScannerDB\ScannerDB.csproj", "{37E4E236-AD77-45B4-8371-3A21E865A63B}"
EndProject
Project("{FAE04EC0-301F-11D3-BF4B-00C04F79EFBC}") = "Alglib", "Alglib\Alglib.csproj", "{21D87263-A5DC-41EB-9E49-1F3D620DE65F}"
EndProject
Project("{FAE04EC0-301F-11D3-BF4B-00C04F79EFBC}") = "RegressionApp", "RegressionApp\RegressionApp.csproj", "{66EBF04C-8814-4AAD-BF11-3C58894C4148}"
EndProject
Project("{FAE04EC0-301F-11D3-BF4B-00C04F79EFBC}") = "EventStockIdentification", "EventStockIdentification\EventStockIdentification.csproj", "{6E204CE8-86AA-4EDC-8D0D-64ED22816BB6}"
EndProject
Global
	GlobalSection(SolutionConfigurationPlatforms) = preSolution
		CD_ROM|Any CPU = CD_ROM|Any CPU
		CD_ROM|Mixed Platforms = CD_ROM|Mixed Platforms
		CD_ROM|Win32 = CD_ROM|Win32
		CD_ROM|x64 = CD_ROM|x64
		CD_ROM|x86 = CD_ROM|x86
		Debug|Any CPU = Debug|Any CPU
		Debug|Mixed Platforms = Debug|Mixed Platforms
		Debug|Win32 = Debug|Win32
		Debug|x64 = Debug|x64
		Debug|x86 = Debug|x86
		DVD-5|Any CPU = DVD-5|Any CPU
		DVD-5|Mixed Platforms = DVD-5|Mixed Platforms
		DVD-5|Win32 = DVD-5|Win32
		DVD-5|x64 = DVD-5|x64
		DVD-5|x86 = DVD-5|x86
		Release|Any CPU = Release|Any CPU
		Release|Mixed Platforms = Release|Mixed Platforms
		Release|Win32 = Release|Win32
		Release|x64 = Release|x64
		Release|x86 = Release|x86
		SingleImage|Any CPU = SingleImage|Any CPU
		SingleImage|Mixed Platforms = SingleImage|Mixed Platforms
		SingleImage|Win32 = SingleImage|Win32
		SingleImage|x64 = SingleImage|x64
		SingleImage|x86 = SingleImage|x86
	EndGlobalSection
	GlobalSection(ProjectConfigurationPlatforms) = postSolution
		{E5FC4466-1C1F-4898-AF87-EAEE6795CE54}.CD_ROM|Any CPU.ActiveCfg = Release|Win32
		{E5FC4466-1C1F-4898-AF87-EAEE6795CE54}.CD_ROM|Mixed Platforms.ActiveCfg = Release|Win32
		{E5FC4466-1C1F-4898-AF87-EAEE6795CE54}.CD_ROM|Mixed Platforms.Build.0 = Release|Win32
		{E5FC4466-1C1F-4898-AF87-EAEE6795CE54}.CD_ROM|Win32.ActiveCfg = Release|Win32
		{E5FC4466-1C1F-4898-AF87-EAEE6795CE54}.CD_ROM|Win32.Build.0 = Release|Win32
		{E5FC4466-1C1F-4898-AF87-EAEE6795CE54}.CD_ROM|x64.ActiveCfg = Release|x64
		{E5FC4466-1C1F-4898-AF87-EAEE6795CE54}.CD_ROM|x64.Build.0 = Release|x64
		{E5FC4466-1C1F-4898-AF87-EAEE6795CE54}.CD_ROM|x86.ActiveCfg = Debug|Win32
		{E5FC4466-1C1F-4898-AF87-EAEE6795CE54}.CD_ROM|x86.Build.0 = Debug|Win32
		{E5FC4466-1C1F-4898-AF87-EAEE6795CE54}.Debug|Any CPU.ActiveCfg = Debug|Win32
		{E5FC4466-1C1F-4898-AF87-EAEE6795CE54}.Debug|Mixed Platforms.ActiveCfg = Debug|Win32
		{E5FC4466-1C1F-4898-AF87-EAEE6795CE54}.Debug|Mixed Platforms.Build.0 = Debug|Win32
		{E5FC4466-1C1F-4898-AF87-EAEE6795CE54}.Debug|Win32.ActiveCfg = Debug|Win32
		{E5FC4466-1C1F-4898-AF87-EAEE6795CE54}.Debug|Win32.Build.0 = Debug|Win32
		{E5FC4466-1C1F-4898-AF87-EAEE6795CE54}.Debug|x64.ActiveCfg = Debug|x64
		{E5FC4466-1C1F-4898-AF87-EAEE6795CE54}.Debug|x64.Build.0 = Debug|x64
		{E5FC4466-1C1F-4898-AF87-EAEE6795CE54}.Debug|x86.ActiveCfg = Debug|Win32
		{E5FC4466-1C1F-4898-AF87-EAEE6795CE54}.Debug|x86.Build.0 = Debug|Win32
		{E5FC4466-1C1F-4898-AF87-EAEE6795CE54}.DVD-5|Any CPU.ActiveCfg = Debug|Win32
		{E5FC4466-1C1F-4898-AF87-EAEE6795CE54}.DVD-5|Mixed Platforms.ActiveCfg = Debug|Win32
		{E5FC4466-1C1F-4898-AF87-EAEE6795CE54}.DVD-5|Mixed Platforms.Build.0 = Debug|Win32
		{E5FC4466-1C1F-4898-AF87-EAEE6795CE54}.DVD-5|Win32.ActiveCfg = Debug|Win32
		{E5FC4466-1C1F-4898-AF87-EAEE6795CE54}.DVD-5|Win32.Build.0 = Debug|Win32
		{E5FC4466-1C1F-4898-AF87-EAEE6795CE54}.DVD-5|x64.ActiveCfg = Debug|x64
		{E5FC4466-1C1F-4898-AF87-EAEE6795CE54}.DVD-5|x64.Build.0 = Debug|x64
		{E5FC4466-1C1F-4898-AF87-EAEE6795CE54}.DVD-5|x86.ActiveCfg = Debug|Win32
		{E5FC4466-1C1F-4898-AF87-EAEE6795CE54}.DVD-5|x86.Build.0 = Debug|Win32
		{E5FC4466-1C1F-4898-AF87-EAEE6795CE54}.Release|Any CPU.ActiveCfg = Release|Win32
		{E5FC4466-1C1F-4898-AF87-EAEE6795CE54}.Release|Any CPU.Build.0 = Release|Win32
		{E5FC4466-1C1F-4898-AF87-EAEE6795CE54}.Release|Mixed Platforms.ActiveCfg = Release|Win32
		{E5FC4466-1C1F-4898-AF87-EAEE6795CE54}.Release|Mixed Platforms.Build.0 = Release|Win32
		{E5FC4466-1C1F-4898-AF87-EAEE6795CE54}.Release|Win32.ActiveCfg = Release|Win32
		{E5FC4466-1C1F-4898-AF87-EAEE6795CE54}.Release|Win32.Build.0 = Release|Win32
		{E5FC4466-1C1F-4898-AF87-EAEE6795CE54}.Release|x64.ActiveCfg = Release|x64
		{E5FC4466-1C1F-4898-AF87-EAEE6795CE54}.Release|x64.Build.0 = Release|x64
		{E5FC4466-1C1F-4898-AF87-EAEE6795CE54}.Release|x86.ActiveCfg = Release|Win32
		{E5FC4466-1C1F-4898-AF87-EAEE6795CE54}.Release|x86.Build.0 = Release|Win32
		{E5FC4466-1C1F-4898-AF87-EAEE6795CE54}.SingleImage|Any CPU.ActiveCfg = Release|Win32
		{E5FC4466-1C1F-4898-AF87-EAEE6795CE54}.SingleImage|Mixed Platforms.ActiveCfg = Release|Win32
		{E5FC4466-1C1F-4898-AF87-EAEE6795CE54}.SingleImage|Mixed Platforms.Build.0 = Release|Win32
		{E5FC4466-1C1F-4898-AF87-EAEE6795CE54}.SingleImage|Win32.ActiveCfg = Release|Win32
		{E5FC4466-1C1F-4898-AF87-EAEE6795CE54}.SingleImage|Win32.Build.0 = Release|Win32
		{E5FC4466-1C1F-4898-AF87-EAEE6795CE54}.SingleImage|x64.ActiveCfg = Release|x64
		{E5FC4466-1C1F-4898-AF87-EAEE6795CE54}.SingleImage|x64.Build.0 = Release|x64
		{E5FC4466-1C1F-4898-AF87-EAEE6795CE54}.SingleImage|x86.ActiveCfg = Debug|Win32
		{E5FC4466-1C1F-4898-AF87-EAEE6795CE54}.SingleImage|x86.Build.0 = Debug|Win32
		{A04DB894-2277-4B0A-93C6-30FA1F5D5FE5}.CD_ROM|Any CPU.ActiveCfg = Release|Any CPU
		{A04DB894-2277-4B0A-93C6-30FA1F5D5FE5}.CD_ROM|Any CPU.Build.0 = Release|Any CPU
		{A04DB894-2277-4B0A-93C6-30FA1F5D5FE5}.CD_ROM|Mixed Platforms.ActiveCfg = Release|Any CPU
		{A04DB894-2277-4B0A-93C6-30FA1F5D5FE5}.CD_ROM|Mixed Platforms.Build.0 = Release|Any CPU
		{A04DB894-2277-4B0A-93C6-30FA1F5D5FE5}.CD_ROM|Win32.ActiveCfg = Release|Any CPU
		{A04DB894-2277-4B0A-93C6-30FA1F5D5FE5}.CD_ROM|x64.ActiveCfg = Debug|x64
		{A04DB894-2277-4B0A-93C6-30FA1F5D5FE5}.CD_ROM|x64.Build.0 = Debug|x64
		{A04DB894-2277-4B0A-93C6-30FA1F5D5FE5}.CD_ROM|x86.ActiveCfg = Debug|Any CPU
		{A04DB894-2277-4B0A-93C6-30FA1F5D5FE5}.Debug|Any CPU.ActiveCfg = Debug|Any CPU
		{A04DB894-2277-4B0A-93C6-30FA1F5D5FE5}.Debug|Any CPU.Build.0 = Debug|Any CPU
		{A04DB894-2277-4B0A-93C6-30FA1F5D5FE5}.Debug|Mixed Platforms.ActiveCfg = Debug|Any CPU
		{A04DB894-2277-4B0A-93C6-30FA1F5D5FE5}.Debug|Mixed Platforms.Build.0 = Debug|Any CPU
		{A04DB894-2277-4B0A-93C6-30FA1F5D5FE5}.Debug|Win32.ActiveCfg = Debug|Any CPU
		{A04DB894-2277-4B0A-93C6-30FA1F5D5FE5}.Debug|Win32.Build.0 = Debug|Any CPU
		{A04DB894-2277-4B0A-93C6-30FA1F5D5FE5}.Debug|x64.ActiveCfg = Debug|Any CPU
		{A04DB894-2277-4B0A-93C6-30FA1F5D5FE5}.Debug|x86.ActiveCfg = Debug|Any CPU
		{A04DB894-2277-4B0A-93C6-30FA1F5D5FE5}.DVD-5|Any CPU.ActiveCfg = Debug|Any CPU
		{A04DB894-2277-4B0A-93C6-30FA1F5D5FE5}.DVD-5|Any CPU.Build.0 = Debug|Any CPU
		{A04DB894-2277-4B0A-93C6-30FA1F5D5FE5}.DVD-5|Mixed Platforms.ActiveCfg = Debug|Any CPU
		{A04DB894-2277-4B0A-93C6-30FA1F5D5FE5}.DVD-5|Mixed Platforms.Build.0 = Debug|Any CPU
		{A04DB894-2277-4B0A-93C6-30FA1F5D5FE5}.DVD-5|Win32.ActiveCfg = Debug|Any CPU
		{A04DB894-2277-4B0A-93C6-30FA1F5D5FE5}.DVD-5|x64.ActiveCfg = Debug|x64
		{A04DB894-2277-4B0A-93C6-30FA1F5D5FE5}.DVD-5|x64.Build.0 = Debug|x64
		{A04DB894-2277-4B0A-93C6-30FA1F5D5FE5}.DVD-5|x86.ActiveCfg = Debug|Any CPU
		{A04DB894-2277-4B0A-93C6-30FA1F5D5FE5}.Release|Any CPU.ActiveCfg = Release|Any CPU
		{A04DB894-2277-4B0A-93C6-30FA1F5D5FE5}.Release|Any CPU.Build.0 = Release|Any CPU
		{A04DB894-2277-4B0A-93C6-30FA1F5D5FE5}.Release|Mixed Platforms.ActiveCfg = Release|Any CPU
		{A04DB894-2277-4B0A-93C6-30FA1F5D5FE5}.Release|Mixed Platforms.Build.0 = Release|Any CPU
		{A04DB894-2277-4B0A-93C6-30FA1F5D5FE5}.Release|Win32.ActiveCfg = Release|Any CPU
		{A04DB894-2277-4B0A-93C6-30FA1F5D5FE5}.Release|Win32.Build.0 = Release|Any CPU
		{A04DB894-2277-4B0A-93C6-30FA1F5D5FE5}.Release|x64.ActiveCfg = Release|x64
		{A04DB894-2277-4B0A-93C6-30FA1F5D5FE5}.Release|x64.Build.0 = Release|x64
		{A04DB894-2277-4B0A-93C6-30FA1F5D5FE5}.Release|x86.ActiveCfg = Release|Any CPU
		{A04DB894-2277-4B0A-93C6-30FA1F5D5FE5}.SingleImage|Any CPU.ActiveCfg = Release|Any CPU
		{A04DB894-2277-4B0A-93C6-30FA1F5D5FE5}.SingleImage|Any CPU.Build.0 = Release|Any CPU
		{A04DB894-2277-4B0A-93C6-30FA1F5D5FE5}.SingleImage|Mixed Platforms.ActiveCfg = Release|Any CPU
		{A04DB894-2277-4B0A-93C6-30FA1F5D5FE5}.SingleImage|Mixed Platforms.Build.0 = Release|Any CPU
		{A04DB894-2277-4B0A-93C6-30FA1F5D5FE5}.SingleImage|Win32.ActiveCfg = Release|Any CPU
		{A04DB894-2277-4B0A-93C6-30FA1F5D5FE5}.SingleImage|x64.ActiveCfg = Debug|x64
		{A04DB894-2277-4B0A-93C6-30FA1F5D5FE5}.SingleImage|x64.Build.0 = Debug|x64
		{A04DB894-2277-4B0A-93C6-30FA1F5D5FE5}.SingleImage|x86.ActiveCfg = Debug|Any CPU
		{B6534DAC-331C-4652-9097-9CB3DC825C60}.CD_ROM|Any CPU.ActiveCfg = Release|Any CPU
		{B6534DAC-331C-4652-9097-9CB3DC825C60}.CD_ROM|Any CPU.Build.0 = Release|Any CPU
		{B6534DAC-331C-4652-9097-9CB3DC825C60}.CD_ROM|Mixed Platforms.ActiveCfg = Release|Any CPU
		{B6534DAC-331C-4652-9097-9CB3DC825C60}.CD_ROM|Mixed Platforms.Build.0 = Release|Any CPU
		{B6534DAC-331C-4652-9097-9CB3DC825C60}.CD_ROM|Win32.ActiveCfg = Release|Any CPU
		{B6534DAC-331C-4652-9097-9CB3DC825C60}.CD_ROM|x64.ActiveCfg = Debug|x64
		{B6534DAC-331C-4652-9097-9CB3DC825C60}.CD_ROM|x64.Build.0 = Debug|x64
		{B6534DAC-331C-4652-9097-9CB3DC825C60}.CD_ROM|x86.ActiveCfg = Debug|Any CPU
		{B6534DAC-331C-4652-9097-9CB3DC825C60}.Debug|Any CPU.ActiveCfg = Debug|Any CPU
		{B6534DAC-331C-4652-9097-9CB3DC825C60}.Debug|Any CPU.Build.0 = Debug|Any CPU
		{B6534DAC-331C-4652-9097-9CB3DC825C60}.Debug|Mixed Platforms.ActiveCfg = Debug|Any CPU
		{B6534DAC-331C-4652-9097-9CB3DC825C60}.Debug|Mixed Platforms.Build.0 = Debug|Any CPU
		{B6534DAC-331C-4652-9097-9CB3DC825C60}.Debug|Win32.ActiveCfg = Debug|Any CPU
		{B6534DAC-331C-4652-9097-9CB3DC825C60}.Debug|Win32.Build.0 = Debug|Any CPU
		{B6534DAC-331C-4652-9097-9CB3DC825C60}.Debug|x64.ActiveCfg = Debug|Any CPU
		{B6534DAC-331C-4652-9097-9CB3DC825C60}.Debug|x86.ActiveCfg = Debug|Any CPU
		{B6534DAC-331C-4652-9097-9CB3DC825C60}.DVD-5|Any CPU.ActiveCfg = Debug|Any CPU
		{B6534DAC-331C-4652-9097-9CB3DC825C60}.DVD-5|Any CPU.Build.0 = Debug|Any CPU
		{B6534DAC-331C-4652-9097-9CB3DC825C60}.DVD-5|Mixed Platforms.ActiveCfg = Debug|Any CPU
		{B6534DAC-331C-4652-9097-9CB3DC825C60}.DVD-5|Mixed Platforms.Build.0 = Debug|Any CPU
		{B6534DAC-331C-4652-9097-9CB3DC825C60}.DVD-5|Win32.ActiveCfg = Debug|Any CPU
		{B6534DAC-331C-4652-9097-9CB3DC825C60}.DVD-5|x64.ActiveCfg = Debug|x64
		{B6534DAC-331C-4652-9097-9CB3DC825C60}.DVD-5|x64.Build.0 = Debug|x64
		{B6534DAC-331C-4652-9097-9CB3DC825C60}.DVD-5|x86.ActiveCfg = Debug|Any CPU
		{B6534DAC-331C-4652-9097-9CB3DC825C60}.Release|Any CPU.ActiveCfg = Release|Any CPU
		{B6534DAC-331C-4652-9097-9CB3DC825C60}.Release|Any CPU.Build.0 = Release|Any CPU
		{B6534DAC-331C-4652-9097-9CB3DC825C60}.Release|Mixed Platforms.ActiveCfg = Release|Any CPU
		{B6534DAC-331C-4652-9097-9CB3DC825C60}.Release|Mixed Platforms.Build.0 = Release|Any CPU
		{B6534DAC-331C-4652-9097-9CB3DC825C60}.Release|Win32.ActiveCfg = Release|Any CPU
		{B6534DAC-331C-4652-9097-9CB3DC825C60}.Release|Win32.Build.0 = Release|Any CPU
		{B6534DAC-331C-4652-9097-9CB3DC825C60}.Release|x64.ActiveCfg = Release|x64
		{B6534DAC-331C-4652-9097-9CB3DC825C60}.Release|x64.Build.0 = Release|x64
		{B6534DAC-331C-4652-9097-9CB3DC825C60}.Release|x86.ActiveCfg = Release|Any CPU
		{B6534DAC-331C-4652-9097-9CB3DC825C60}.SingleImage|Any CPU.ActiveCfg = Release|Any CPU
		{B6534DAC-331C-4652-9097-9CB3DC825C60}.SingleImage|Any CPU.Build.0 = Release|Any CPU
		{B6534DAC-331C-4652-9097-9CB3DC825C60}.SingleImage|Mixed Platforms.ActiveCfg = Release|Any CPU
		{B6534DAC-331C-4652-9097-9CB3DC825C60}.SingleImage|Mixed Platforms.Build.0 = Release|Any CPU
		{B6534DAC-331C-4652-9097-9CB3DC825C60}.SingleImage|Win32.ActiveCfg = Release|Any CPU
		{B6534DAC-331C-4652-9097-9CB3DC825C60}.SingleImage|x64.ActiveCfg = Debug|x64
		{B6534DAC-331C-4652-9097-9CB3DC825C60}.SingleImage|x64.Build.0 = Debug|x64
		{B6534DAC-331C-4652-9097-9CB3DC825C60}.SingleImage|x86.ActiveCfg = Debug|Any CPU
		{C41B3475-B65D-4FCA-9AC1-75CDD1BB41EE}.CD_ROM|Any CPU.ActiveCfg = Release|Any CPU
		{C41B3475-B65D-4FCA-9AC1-75CDD1BB41EE}.CD_ROM|Any CPU.Build.0 = Release|Any CPU
		{C41B3475-B65D-4FCA-9AC1-75CDD1BB41EE}.CD_ROM|Mixed Platforms.ActiveCfg = Release|Any CPU
		{C41B3475-B65D-4FCA-9AC1-75CDD1BB41EE}.CD_ROM|Mixed Platforms.Build.0 = Release|Any CPU
		{C41B3475-B65D-4FCA-9AC1-75CDD1BB41EE}.CD_ROM|Win32.ActiveCfg = Release|Any CPU
		{C41B3475-B65D-4FCA-9AC1-75CDD1BB41EE}.CD_ROM|x64.ActiveCfg = Release|x64
		{C41B3475-B65D-4FCA-9AC1-75CDD1BB41EE}.CD_ROM|x64.Build.0 = Release|x64
		{C41B3475-B65D-4FCA-9AC1-75CDD1BB41EE}.CD_ROM|x86.ActiveCfg = Debug|Any CPU
		{C41B3475-B65D-4FCA-9AC1-75CDD1BB41EE}.Debug|Any CPU.ActiveCfg = Debug|Any CPU
		{C41B3475-B65D-4FCA-9AC1-75CDD1BB41EE}.Debug|Any CPU.Build.0 = Debug|Any CPU
		{C41B3475-B65D-4FCA-9AC1-75CDD1BB41EE}.Debug|Mixed Platforms.ActiveCfg = Debug|Any CPU
		{C41B3475-B65D-4FCA-9AC1-75CDD1BB41EE}.Debug|Mixed Platforms.Build.0 = Debug|Any CPU
		{C41B3475-B65D-4FCA-9AC1-75CDD1BB41EE}.Debug|Win32.ActiveCfg = Debug|Any CPU
		{C41B3475-B65D-4FCA-9AC1-75CDD1BB41EE}.Debug|x64.ActiveCfg = Debug|x64
		{C41B3475-B65D-4FCA-9AC1-75CDD1BB41EE}.Debug|x64.Build.0 = Debug|x64
		{C41B3475-B65D-4FCA-9AC1-75CDD1BB41EE}.Debug|x86.ActiveCfg = Debug|Any CPU
		{C41B3475-B65D-4FCA-9AC1-75CDD1BB41EE}.DVD-5|Any CPU.ActiveCfg = Debug|Any CPU
		{C41B3475-B65D-4FCA-9AC1-75CDD1BB41EE}.DVD-5|Any CPU.Build.0 = Debug|Any CPU
		{C41B3475-B65D-4FCA-9AC1-75CDD1BB41EE}.DVD-5|Mixed Platforms.ActiveCfg = Debug|Any CPU
		{C41B3475-B65D-4FCA-9AC1-75CDD1BB41EE}.DVD-5|Mixed Platforms.Build.0 = Debug|Any CPU
		{C41B3475-B65D-4FCA-9AC1-75CDD1BB41EE}.DVD-5|Win32.ActiveCfg = Debug|Any CPU
		{C41B3475-B65D-4FCA-9AC1-75CDD1BB41EE}.DVD-5|x64.ActiveCfg = Debug|x64
		{C41B3475-B65D-4FCA-9AC1-75CDD1BB41EE}.DVD-5|x64.Build.0 = Debug|x64
		{C41B3475-B65D-4FCA-9AC1-75CDD1BB41EE}.DVD-5|x86.ActiveCfg = Debug|Any CPU
		{C41B3475-B65D-4FCA-9AC1-75CDD1BB41EE}.Release|Any CPU.ActiveCfg = Release|Any CPU
		{C41B3475-B65D-4FCA-9AC1-75CDD1BB41EE}.Release|Any CPU.Build.0 = Release|Any CPU
		{C41B3475-B65D-4FCA-9AC1-75CDD1BB41EE}.Release|Mixed Platforms.ActiveCfg = Release|Any CPU
		{C41B3475-B65D-4FCA-9AC1-75CDD1BB41EE}.Release|Mixed Platforms.Build.0 = Release|Any CPU
		{C41B3475-B65D-4FCA-9AC1-75CDD1BB41EE}.Release|Win32.ActiveCfg = Release|Any CPU
		{C41B3475-B65D-4FCA-9AC1-75CDD1BB41EE}.Release|x64.ActiveCfg = Release|x64
		{C41B3475-B65D-4FCA-9AC1-75CDD1BB41EE}.Release|x64.Build.0 = Release|x64
		{C41B3475-B65D-4FCA-9AC1-75CDD1BB41EE}.Release|x86.ActiveCfg = Release|Any CPU
		{C41B3475-B65D-4FCA-9AC1-75CDD1BB41EE}.SingleImage|Any CPU.ActiveCfg = Release|Any CPU
		{C41B3475-B65D-4FCA-9AC1-75CDD1BB41EE}.SingleImage|Any CPU.Build.0 = Release|Any CPU
		{C41B3475-B65D-4FCA-9AC1-75CDD1BB41EE}.SingleImage|Mixed Platforms.ActiveCfg = Release|Any CPU
		{C41B3475-B65D-4FCA-9AC1-75CDD1BB41EE}.SingleImage|Mixed Platforms.Build.0 = Release|Any CPU
		{C41B3475-B65D-4FCA-9AC1-75CDD1BB41EE}.SingleImage|Win32.ActiveCfg = Release|Any CPU
		{C41B3475-B65D-4FCA-9AC1-75CDD1BB41EE}.SingleImage|x64.ActiveCfg = Release|x64
		{C41B3475-B65D-4FCA-9AC1-75CDD1BB41EE}.SingleImage|x64.Build.0 = Release|x64
		{C41B3475-B65D-4FCA-9AC1-75CDD1BB41EE}.SingleImage|x86.ActiveCfg = Debug|Any CPU
		{5D84BB65-F592-446F-96C5-8C8AF9CB4482}.CD_ROM|Any CPU.ActiveCfg = Release|Any CPU
		{5D84BB65-F592-446F-96C5-8C8AF9CB4482}.CD_ROM|Any CPU.Build.0 = Release|Any CPU
		{5D84BB65-F592-446F-96C5-8C8AF9CB4482}.CD_ROM|Mixed Platforms.ActiveCfg = Release|Any CPU
		{5D84BB65-F592-446F-96C5-8C8AF9CB4482}.CD_ROM|Mixed Platforms.Build.0 = Release|Any CPU
		{5D84BB65-F592-446F-96C5-8C8AF9CB4482}.CD_ROM|Win32.ActiveCfg = Release|Any CPU
		{5D84BB65-F592-446F-96C5-8C8AF9CB4482}.CD_ROM|x64.ActiveCfg = Release|x64
		{5D84BB65-F592-446F-96C5-8C8AF9CB4482}.CD_ROM|x64.Build.0 = Release|x64
		{5D84BB65-F592-446F-96C5-8C8AF9CB4482}.CD_ROM|x86.ActiveCfg = Debug|Any CPU
		{5D84BB65-F592-446F-96C5-8C8AF9CB4482}.Debug|Any CPU.ActiveCfg = Debug|Any CPU
		{5D84BB65-F592-446F-96C5-8C8AF9CB4482}.Debug|Any CPU.Build.0 = Debug|Any CPU
		{5D84BB65-F592-446F-96C5-8C8AF9CB4482}.Debug|Mixed Platforms.ActiveCfg = Debug|Any CPU
		{5D84BB65-F592-446F-96C5-8C8AF9CB4482}.Debug|Mixed Platforms.Build.0 = Debug|Any CPU
		{5D84BB65-F592-446F-96C5-8C8AF9CB4482}.Debug|Win32.ActiveCfg = Debug|Any CPU
		{5D84BB65-F592-446F-96C5-8C8AF9CB4482}.Debug|x64.ActiveCfg = Debug|x64
		{5D84BB65-F592-446F-96C5-8C8AF9CB4482}.Debug|x64.Build.0 = Debug|x64
		{5D84BB65-F592-446F-96C5-8C8AF9CB4482}.Debug|x86.ActiveCfg = Debug|Any CPU
		{5D84BB65-F592-446F-96C5-8C8AF9CB4482}.DVD-5|Any CPU.ActiveCfg = Debug|Any CPU
		{5D84BB65-F592-446F-96C5-8C8AF9CB4482}.DVD-5|Any CPU.Build.0 = Debug|Any CPU
		{5D84BB65-F592-446F-96C5-8C8AF9CB4482}.DVD-5|Mixed Platforms.ActiveCfg = Debug|Any CPU
		{5D84BB65-F592-446F-96C5-8C8AF9CB4482}.DVD-5|Mixed Platforms.Build.0 = Debug|Any CPU
		{5D84BB65-F592-446F-96C5-8C8AF9CB4482}.DVD-5|Win32.ActiveCfg = Debug|Any CPU
		{5D84BB65-F592-446F-96C5-8C8AF9CB4482}.DVD-5|x64.ActiveCfg = Debug|x64
		{5D84BB65-F592-446F-96C5-8C8AF9CB4482}.DVD-5|x64.Build.0 = Debug|x64
		{5D84BB65-F592-446F-96C5-8C8AF9CB4482}.DVD-5|x86.ActiveCfg = Debug|Any CPU
		{5D84BB65-F592-446F-96C5-8C8AF9CB4482}.Release|Any CPU.ActiveCfg = Release|Any CPU
		{5D84BB65-F592-446F-96C5-8C8AF9CB4482}.Release|Any CPU.Build.0 = Release|Any CPU
		{5D84BB65-F592-446F-96C5-8C8AF9CB4482}.Release|Mixed Platforms.ActiveCfg = Release|Any CPU
		{5D84BB65-F592-446F-96C5-8C8AF9CB4482}.Release|Mixed Platforms.Build.0 = Release|Any CPU
		{5D84BB65-F592-446F-96C5-8C8AF9CB4482}.Release|Win32.ActiveCfg = Release|Any CPU
		{5D84BB65-F592-446F-96C5-8C8AF9CB4482}.Release|x64.ActiveCfg = Release|x64
		{5D84BB65-F592-446F-96C5-8C8AF9CB4482}.Release|x64.Build.0 = Release|x64
		{5D84BB65-F592-446F-96C5-8C8AF9CB4482}.Release|x86.ActiveCfg = Release|Any CPU
		{5D84BB65-F592-446F-96C5-8C8AF9CB4482}.SingleImage|Any CPU.ActiveCfg = Release|Any CPU
		{5D84BB65-F592-446F-96C5-8C8AF9CB4482}.SingleImage|Any CPU.Build.0 = Release|Any CPU
		{5D84BB65-F592-446F-96C5-8C8AF9CB4482}.SingleImage|Mixed Platforms.ActiveCfg = Release|Any CPU
		{5D84BB65-F592-446F-96C5-8C8AF9CB4482}.SingleImage|Mixed Platforms.Build.0 = Release|Any CPU
		{5D84BB65-F592-446F-96C5-8C8AF9CB4482}.SingleImage|Win32.ActiveCfg = Release|Any CPU
		{5D84BB65-F592-446F-96C5-8C8AF9CB4482}.SingleImage|x64.ActiveCfg = Release|x64
		{5D84BB65-F592-446F-96C5-8C8AF9CB4482}.SingleImage|x64.Build.0 = Release|x64
		{5D84BB65-F592-446F-96C5-8C8AF9CB4482}.SingleImage|x86.ActiveCfg = Debug|Any CPU
		{9F880310-BA40-4DF0-BBC8-8CB78EF133D1}.CD_ROM|Any CPU.ActiveCfg = Release|Any CPU
		{9F880310-BA40-4DF0-BBC8-8CB78EF133D1}.CD_ROM|Any CPU.Build.0 = Release|Any CPU
		{9F880310-BA40-4DF0-BBC8-8CB78EF133D1}.CD_ROM|Mixed Platforms.ActiveCfg = Release|Any CPU
		{9F880310-BA40-4DF0-BBC8-8CB78EF133D1}.CD_ROM|Mixed Platforms.Build.0 = Release|Any CPU
		{9F880310-BA40-4DF0-BBC8-8CB78EF133D1}.CD_ROM|Win32.ActiveCfg = Release|Any CPU
		{9F880310-BA40-4DF0-BBC8-8CB78EF133D1}.CD_ROM|x64.ActiveCfg = Release|x64
		{9F880310-BA40-4DF0-BBC8-8CB78EF133D1}.CD_ROM|x64.Build.0 = Release|x64
		{9F880310-BA40-4DF0-BBC8-8CB78EF133D1}.CD_ROM|x86.ActiveCfg = Debug|Any CPU
		{9F880310-BA40-4DF0-BBC8-8CB78EF133D1}.Debug|Any CPU.ActiveCfg = Debug|Any CPU
		{9F880310-BA40-4DF0-BBC8-8CB78EF133D1}.Debug|Any CPU.Build.0 = Debug|Any CPU
		{9F880310-BA40-4DF0-BBC8-8CB78EF133D1}.Debug|Mixed Platforms.ActiveCfg = Debug|Any CPU
		{9F880310-BA40-4DF0-BBC8-8CB78EF133D1}.Debug|Mixed Platforms.Build.0 = Debug|Any CPU
		{9F880310-BA40-4DF0-BBC8-8CB78EF133D1}.Debug|Win32.ActiveCfg = Debug|Any CPU
		{9F880310-BA40-4DF0-BBC8-8CB78EF133D1}.Debug|x64.ActiveCfg = Debug|x64
		{9F880310-BA40-4DF0-BBC8-8CB78EF133D1}.Debug|x64.Build.0 = Debug|x64
		{9F880310-BA40-4DF0-BBC8-8CB78EF133D1}.Debug|x86.ActiveCfg = Debug|Any CPU
		{9F880310-BA40-4DF0-BBC8-8CB78EF133D1}.DVD-5|Any CPU.ActiveCfg = Debug|Any CPU
		{9F880310-BA40-4DF0-BBC8-8CB78EF133D1}.DVD-5|Any CPU.Build.0 = Debug|Any CPU
		{9F880310-BA40-4DF0-BBC8-8CB78EF133D1}.DVD-5|Mixed Platforms.ActiveCfg = Debug|Any CPU
		{9F880310-BA40-4DF0-BBC8-8CB78EF133D1}.DVD-5|Mixed Platforms.Build.0 = Debug|Any CPU
		{9F880310-BA40-4DF0-BBC8-8CB78EF133D1}.DVD-5|Win32.ActiveCfg = Debug|Any CPU
		{9F880310-BA40-4DF0-BBC8-8CB78EF133D1}.DVD-5|x64.ActiveCfg = Debug|x64
		{9F880310-BA40-4DF0-BBC8-8CB78EF133D1}.DVD-5|x64.Build.0 = Debug|x64
		{9F880310-BA40-4DF0-BBC8-8CB78EF133D1}.DVD-5|x86.ActiveCfg = Debug|Any CPU
		{9F880310-BA40-4DF0-BBC8-8CB78EF133D1}.Release|Any CPU.ActiveCfg = Release|Any CPU
		{9F880310-BA40-4DF0-BBC8-8CB78EF133D1}.Release|Any CPU.Build.0 = Release|Any CPU
		{9F880310-BA40-4DF0-BBC8-8CB78EF133D1}.Release|Mixed Platforms.ActiveCfg = Release|Any CPU
		{9F880310-BA40-4DF0-BBC8-8CB78EF133D1}.Release|Mixed Platforms.Build.0 = Release|Any CPU
		{9F880310-BA40-4DF0-BBC8-8CB78EF133D1}.Release|Win32.ActiveCfg = Release|Any CPU
		{9F880310-BA40-4DF0-BBC8-8CB78EF133D1}.Release|x64.ActiveCfg = Release|x64
		{9F880310-BA40-4DF0-BBC8-8CB78EF133D1}.Release|x64.Build.0 = Release|x64
		{9F880310-BA40-4DF0-BBC8-8CB78EF133D1}.Release|x86.ActiveCfg = Release|Any CPU
		{9F880310-BA40-4DF0-BBC8-8CB78EF133D1}.SingleImage|Any CPU.ActiveCfg = Release|Any CPU
		{9F880310-BA40-4DF0-BBC8-8CB78EF133D1}.SingleImage|Any CPU.Build.0 = Release|Any CPU
		{9F880310-BA40-4DF0-BBC8-8CB78EF133D1}.SingleImage|Mixed Platforms.ActiveCfg = Release|Any CPU
		{9F880310-BA40-4DF0-BBC8-8CB78EF133D1}.SingleImage|Mixed Platforms.Build.0 = Release|Any CPU
		{9F880310-BA40-4DF0-BBC8-8CB78EF133D1}.SingleImage|Win32.ActiveCfg = Release|Any CPU
		{9F880310-BA40-4DF0-BBC8-8CB78EF133D1}.SingleImage|x64.ActiveCfg = Release|x64
		{9F880310-BA40-4DF0-BBC8-8CB78EF133D1}.SingleImage|x64.Build.0 = Release|x64
		{9F880310-BA40-4DF0-BBC8-8CB78EF133D1}.SingleImage|x86.ActiveCfg = Debug|Any CPU
		{BB30B844-5CB6-49F8-96F3-95539721EC19}.CD_ROM|Any CPU.ActiveCfg = Release|Any CPU
		{BB30B844-5CB6-49F8-96F3-95539721EC19}.CD_ROM|Any CPU.Build.0 = Release|Any CPU
		{BB30B844-5CB6-49F8-96F3-95539721EC19}.CD_ROM|Mixed Platforms.ActiveCfg = Release|Any CPU
		{BB30B844-5CB6-49F8-96F3-95539721EC19}.CD_ROM|Mixed Platforms.Build.0 = Release|Any CPU
		{BB30B844-5CB6-49F8-96F3-95539721EC19}.CD_ROM|Win32.ActiveCfg = Release|Any CPU
		{BB30B844-5CB6-49F8-96F3-95539721EC19}.CD_ROM|x64.ActiveCfg = Release|x64
		{BB30B844-5CB6-49F8-96F3-95539721EC19}.CD_ROM|x64.Build.0 = Release|x64
		{BB30B844-5CB6-49F8-96F3-95539721EC19}.CD_ROM|x86.ActiveCfg = Debug|Any CPU
		{BB30B844-5CB6-49F8-96F3-95539721EC19}.Debug|Any CPU.ActiveCfg = Debug|Any CPU
		{BB30B844-5CB6-49F8-96F3-95539721EC19}.Debug|Any CPU.Build.0 = Debug|Any CPU
		{BB30B844-5CB6-49F8-96F3-95539721EC19}.Debug|Mixed Platforms.ActiveCfg = Debug|Any CPU
		{BB30B844-5CB6-49F8-96F3-95539721EC19}.Debug|Mixed Platforms.Build.0 = Debug|Any CPU
		{BB30B844-5CB6-49F8-96F3-95539721EC19}.Debug|Win32.ActiveCfg = Debug|Any CPU
		{BB30B844-5CB6-49F8-96F3-95539721EC19}.Debug|x64.ActiveCfg = Debug|x64
		{BB30B844-5CB6-49F8-96F3-95539721EC19}.Debug|x64.Build.0 = Debug|x64
		{BB30B844-5CB6-49F8-96F3-95539721EC19}.Debug|x86.ActiveCfg = Debug|Any CPU
		{BB30B844-5CB6-49F8-96F3-95539721EC19}.DVD-5|Any CPU.ActiveCfg = Debug|Any CPU
		{BB30B844-5CB6-49F8-96F3-95539721EC19}.DVD-5|Any CPU.Build.0 = Debug|Any CPU
		{BB30B844-5CB6-49F8-96F3-95539721EC19}.DVD-5|Mixed Platforms.ActiveCfg = Debug|Any CPU
		{BB30B844-5CB6-49F8-96F3-95539721EC19}.DVD-5|Mixed Platforms.Build.0 = Debug|Any CPU
		{BB30B844-5CB6-49F8-96F3-95539721EC19}.DVD-5|Win32.ActiveCfg = Debug|Any CPU
		{BB30B844-5CB6-49F8-96F3-95539721EC19}.DVD-5|x64.ActiveCfg = Debug|x64
		{BB30B844-5CB6-49F8-96F3-95539721EC19}.DVD-5|x64.Build.0 = Debug|x64
		{BB30B844-5CB6-49F8-96F3-95539721EC19}.DVD-5|x86.ActiveCfg = Debug|Any CPU
		{BB30B844-5CB6-49F8-96F3-95539721EC19}.Release|Any CPU.ActiveCfg = Release|Any CPU
		{BB30B844-5CB6-49F8-96F3-95539721EC19}.Release|Any CPU.Build.0 = Release|Any CPU
		{BB30B844-5CB6-49F8-96F3-95539721EC19}.Release|Mixed Platforms.ActiveCfg = Release|Any CPU
		{BB30B844-5CB6-49F8-96F3-95539721EC19}.Release|Mixed Platforms.Build.0 = Release|Any CPU
		{BB30B844-5CB6-49F8-96F3-95539721EC19}.Release|Win32.ActiveCfg = Release|Any CPU
		{BB30B844-5CB6-49F8-96F3-95539721EC19}.Release|x64.ActiveCfg = Release|x64
		{BB30B844-5CB6-49F8-96F3-95539721EC19}.Release|x64.Build.0 = Release|x64
		{BB30B844-5CB6-49F8-96F3-95539721EC19}.Release|x86.ActiveCfg = Release|Any CPU
		{BB30B844-5CB6-49F8-96F3-95539721EC19}.SingleImage|Any CPU.ActiveCfg = Release|Any CPU
		{BB30B844-5CB6-49F8-96F3-95539721EC19}.SingleImage|Any CPU.Build.0 = Release|Any CPU
		{BB30B844-5CB6-49F8-96F3-95539721EC19}.SingleImage|Mixed Platforms.ActiveCfg = Release|Any CPU
		{BB30B844-5CB6-49F8-96F3-95539721EC19}.SingleImage|Mixed Platforms.Build.0 = Release|Any CPU
		{BB30B844-5CB6-49F8-96F3-95539721EC19}.SingleImage|Win32.ActiveCfg = Release|Any CPU
		{BB30B844-5CB6-49F8-96F3-95539721EC19}.SingleImage|x64.ActiveCfg = Release|x64
		{BB30B844-5CB6-49F8-96F3-95539721EC19}.SingleImage|x64.Build.0 = Release|x64
		{BB30B844-5CB6-49F8-96F3-95539721EC19}.SingleImage|x86.ActiveCfg = Debug|Any CPU
		{244A1410-58D9-45D6-B346-C4521BE455C3}.CD_ROM|Any CPU.ActiveCfg = Release|Any CPU
		{244A1410-58D9-45D6-B346-C4521BE455C3}.CD_ROM|Any CPU.Build.0 = Release|Any CPU
		{244A1410-58D9-45D6-B346-C4521BE455C3}.CD_ROM|Mixed Platforms.ActiveCfg = Release|Any CPU
		{244A1410-58D9-45D6-B346-C4521BE455C3}.CD_ROM|Mixed Platforms.Build.0 = Release|Any CPU
		{244A1410-58D9-45D6-B346-C4521BE455C3}.CD_ROM|Win32.ActiveCfg = Release|Any CPU
		{244A1410-58D9-45D6-B346-C4521BE455C3}.CD_ROM|x64.ActiveCfg = Release|Any CPU
		{244A1410-58D9-45D6-B346-C4521BE455C3}.CD_ROM|x86.ActiveCfg = Release|Any CPU
		{244A1410-58D9-45D6-B346-C4521BE455C3}.Debug|Any CPU.ActiveCfg = Debug|Any CPU
		{244A1410-58D9-45D6-B346-C4521BE455C3}.Debug|Any CPU.Build.0 = Debug|Any CPU
		{244A1410-58D9-45D6-B346-C4521BE455C3}.Debug|Mixed Platforms.ActiveCfg = Debug|Any CPU
		{244A1410-58D9-45D6-B346-C4521BE455C3}.Debug|Mixed Platforms.Build.0 = Debug|Any CPU
		{244A1410-58D9-45D6-B346-C4521BE455C3}.Debug|Win32.ActiveCfg = Debug|Any CPU
		{244A1410-58D9-45D6-B346-C4521BE455C3}.Debug|x64.ActiveCfg = Debug|Any CPU
		{244A1410-58D9-45D6-B346-C4521BE455C3}.Debug|x86.ActiveCfg = Debug|Any CPU
		{244A1410-58D9-45D6-B346-C4521BE455C3}.DVD-5|Any CPU.ActiveCfg = Debug|Any CPU
		{244A1410-58D9-45D6-B346-C4521BE455C3}.DVD-5|Any CPU.Build.0 = Debug|Any CPU
		{244A1410-58D9-45D6-B346-C4521BE455C3}.DVD-5|Mixed Platforms.ActiveCfg = Debug|Any CPU
		{244A1410-58D9-45D6-B346-C4521BE455C3}.DVD-5|Mixed Platforms.Build.0 = Debug|Any CPU
		{244A1410-58D9-45D6-B346-C4521BE455C3}.DVD-5|Win32.ActiveCfg = Debug|Any CPU
		{244A1410-58D9-45D6-B346-C4521BE455C3}.DVD-5|x64.ActiveCfg = Debug|Any CPU
		{244A1410-58D9-45D6-B346-C4521BE455C3}.DVD-5|x86.ActiveCfg = Debug|Any CPU
		{244A1410-58D9-45D6-B346-C4521BE455C3}.Release|Any CPU.ActiveCfg = Release|Any CPU
		{244A1410-58D9-45D6-B346-C4521BE455C3}.Release|Any CPU.Build.0 = Release|Any CPU
		{244A1410-58D9-45D6-B346-C4521BE455C3}.Release|Mixed Platforms.ActiveCfg = Release|Any CPU
		{244A1410-58D9-45D6-B346-C4521BE455C3}.Release|Mixed Platforms.Build.0 = Release|Any CPU
		{244A1410-58D9-45D6-B346-C4521BE455C3}.Release|Win32.ActiveCfg = Release|Any CPU
		{244A1410-58D9-45D6-B346-C4521BE455C3}.Release|x64.ActiveCfg = Release|x64
		{244A1410-58D9-45D6-B346-C4521BE455C3}.Release|x64.Build.0 = Release|x64
		{244A1410-58D9-45D6-B346-C4521BE455C3}.Release|x86.ActiveCfg = Release|Any CPU
		{244A1410-58D9-45D6-B346-C4521BE455C3}.SingleImage|Any CPU.ActiveCfg = Release|Any CPU
		{244A1410-58D9-45D6-B346-C4521BE455C3}.SingleImage|Any CPU.Build.0 = Release|Any CPU
		{244A1410-58D9-45D6-B346-C4521BE455C3}.SingleImage|Mixed Platforms.ActiveCfg = Release|Any CPU
		{244A1410-58D9-45D6-B346-C4521BE455C3}.SingleImage|Mixed Platforms.Build.0 = Release|Any CPU
		{244A1410-58D9-45D6-B346-C4521BE455C3}.SingleImage|Win32.ActiveCfg = Release|Any CPU
		{244A1410-58D9-45D6-B346-C4521BE455C3}.SingleImage|x64.ActiveCfg = Release|Any CPU
		{244A1410-58D9-45D6-B346-C4521BE455C3}.SingleImage|x86.ActiveCfg = Release|Any CPU
		{EEB89272-4154-4D88-8C7C-CF873FB5CD1F}.CD_ROM|Any CPU.ActiveCfg = Release|x86
		{EEB89272-4154-4D88-8C7C-CF873FB5CD1F}.CD_ROM|Mixed Platforms.ActiveCfg = Release|x86
		{EEB89272-4154-4D88-8C7C-CF873FB5CD1F}.CD_ROM|Mixed Platforms.Build.0 = Release|x86
		{EEB89272-4154-4D88-8C7C-CF873FB5CD1F}.CD_ROM|Win32.ActiveCfg = Release|x86
		{EEB89272-4154-4D88-8C7C-CF873FB5CD1F}.CD_ROM|Win32.Build.0 = Release|x86
		{EEB89272-4154-4D88-8C7C-CF873FB5CD1F}.CD_ROM|x64.ActiveCfg = Release|x86
		{EEB89272-4154-4D88-8C7C-CF873FB5CD1F}.CD_ROM|x86.ActiveCfg = Release|x86
		{EEB89272-4154-4D88-8C7C-CF873FB5CD1F}.CD_ROM|x86.Build.0 = Release|x86
		{EEB89272-4154-4D88-8C7C-CF873FB5CD1F}.Debug|Any CPU.ActiveCfg = Debug|x86
		{EEB89272-4154-4D88-8C7C-CF873FB5CD1F}.Debug|Mixed Platforms.ActiveCfg = Debug|x86
		{EEB89272-4154-4D88-8C7C-CF873FB5CD1F}.Debug|Mixed Platforms.Build.0 = Debug|x86
		{EEB89272-4154-4D88-8C7C-CF873FB5CD1F}.Debug|Win32.ActiveCfg = Debug|x86
		{EEB89272-4154-4D88-8C7C-CF873FB5CD1F}.Debug|Win32.Build.0 = Debug|x86
		{EEB89272-4154-4D88-8C7C-CF873FB5CD1F}.Debug|x64.ActiveCfg = Debug|x86
		{EEB89272-4154-4D88-8C7C-CF873FB5CD1F}.Debug|x86.ActiveCfg = Debug|x86
		{EEB89272-4154-4D88-8C7C-CF873FB5CD1F}.Debug|x86.Build.0 = Debug|x86
		{EEB89272-4154-4D88-8C7C-CF873FB5CD1F}.DVD-5|Any CPU.ActiveCfg = Debug|x86
		{EEB89272-4154-4D88-8C7C-CF873FB5CD1F}.DVD-5|Mixed Platforms.ActiveCfg = Debug|x86
		{EEB89272-4154-4D88-8C7C-CF873FB5CD1F}.DVD-5|Mixed Platforms.Build.0 = Debug|x86
		{EEB89272-4154-4D88-8C7C-CF873FB5CD1F}.DVD-5|Win32.ActiveCfg = Debug|x86
		{EEB89272-4154-4D88-8C7C-CF873FB5CD1F}.DVD-5|Win32.Build.0 = Debug|x86
		{EEB89272-4154-4D88-8C7C-CF873FB5CD1F}.DVD-5|x64.ActiveCfg = Debug|x86
		{EEB89272-4154-4D88-8C7C-CF873FB5CD1F}.DVD-5|x86.ActiveCfg = Debug|x86
		{EEB89272-4154-4D88-8C7C-CF873FB5CD1F}.DVD-5|x86.Build.0 = Debug|x86
		{EEB89272-4154-4D88-8C7C-CF873FB5CD1F}.Release|Any CPU.ActiveCfg = Release|x86
		{EEB89272-4154-4D88-8C7C-CF873FB5CD1F}.Release|Mixed Platforms.ActiveCfg = Release|x86
		{EEB89272-4154-4D88-8C7C-CF873FB5CD1F}.Release|Mixed Platforms.Build.0 = Release|x86
		{EEB89272-4154-4D88-8C7C-CF873FB5CD1F}.Release|Win32.ActiveCfg = Release|x86
		{EEB89272-4154-4D88-8C7C-CF873FB5CD1F}.Release|Win32.Build.0 = Release|x86
		{EEB89272-4154-4D88-8C7C-CF873FB5CD1F}.Release|x64.ActiveCfg = Release|x64
		{EEB89272-4154-4D88-8C7C-CF873FB5CD1F}.Release|x64.Build.0 = Release|x64
		{EEB89272-4154-4D88-8C7C-CF873FB5CD1F}.Release|x86.ActiveCfg = Release|x86
		{EEB89272-4154-4D88-8C7C-CF873FB5CD1F}.Release|x86.Build.0 = Release|x86
		{EEB89272-4154-4D88-8C7C-CF873FB5CD1F}.SingleImage|Any CPU.ActiveCfg = Release|x86
		{EEB89272-4154-4D88-8C7C-CF873FB5CD1F}.SingleImage|Mixed Platforms.ActiveCfg = Release|x86
		{EEB89272-4154-4D88-8C7C-CF873FB5CD1F}.SingleImage|Mixed Platforms.Build.0 = Release|x86
		{EEB89272-4154-4D88-8C7C-CF873FB5CD1F}.SingleImage|Win32.ActiveCfg = Release|x86
		{EEB89272-4154-4D88-8C7C-CF873FB5CD1F}.SingleImage|Win32.Build.0 = Release|x86
		{EEB89272-4154-4D88-8C7C-CF873FB5CD1F}.SingleImage|x64.ActiveCfg = Release|x86
		{EEB89272-4154-4D88-8C7C-CF873FB5CD1F}.SingleImage|x86.ActiveCfg = Release|x86
		{EEB89272-4154-4D88-8C7C-CF873FB5CD1F}.SingleImage|x86.Build.0 = Release|x86
		{7CFF76B0-8947-4D04-817D-414CBE1FA8CD}.CD_ROM|Any CPU.ActiveCfg = Release|Any CPU
		{7CFF76B0-8947-4D04-817D-414CBE1FA8CD}.CD_ROM|Any CPU.Build.0 = Release|Any CPU
		{7CFF76B0-8947-4D04-817D-414CBE1FA8CD}.CD_ROM|Mixed Platforms.ActiveCfg = Release|Any CPU
		{7CFF76B0-8947-4D04-817D-414CBE1FA8CD}.CD_ROM|Mixed Platforms.Build.0 = Release|Any CPU
		{7CFF76B0-8947-4D04-817D-414CBE1FA8CD}.CD_ROM|Win32.ActiveCfg = Release|Any CPU
		{7CFF76B0-8947-4D04-817D-414CBE1FA8CD}.CD_ROM|x64.ActiveCfg = Release|x64
		{7CFF76B0-8947-4D04-817D-414CBE1FA8CD}.CD_ROM|x64.Build.0 = Release|x64
		{7CFF76B0-8947-4D04-817D-414CBE1FA8CD}.CD_ROM|x86.ActiveCfg = Release|Any CPU
		{7CFF76B0-8947-4D04-817D-414CBE1FA8CD}.Debug|Any CPU.ActiveCfg = Debug|Any CPU
		{7CFF76B0-8947-4D04-817D-414CBE1FA8CD}.Debug|Any CPU.Build.0 = Debug|Any CPU
		{7CFF76B0-8947-4D04-817D-414CBE1FA8CD}.Debug|Mixed Platforms.ActiveCfg = Debug|Any CPU
		{7CFF76B0-8947-4D04-817D-414CBE1FA8CD}.Debug|Mixed Platforms.Build.0 = Debug|Any CPU
		{7CFF76B0-8947-4D04-817D-414CBE1FA8CD}.Debug|Win32.ActiveCfg = Debug|Any CPU
		{7CFF76B0-8947-4D04-817D-414CBE1FA8CD}.Debug|x64.ActiveCfg = Debug|x64
		{7CFF76B0-8947-4D04-817D-414CBE1FA8CD}.Debug|x64.Build.0 = Debug|x64
		{7CFF76B0-8947-4D04-817D-414CBE1FA8CD}.Debug|x86.ActiveCfg = Debug|Any CPU
		{7CFF76B0-8947-4D04-817D-414CBE1FA8CD}.DVD-5|Any CPU.ActiveCfg = Debug|Any CPU
		{7CFF76B0-8947-4D04-817D-414CBE1FA8CD}.DVD-5|Any CPU.Build.0 = Debug|Any CPU
		{7CFF76B0-8947-4D04-817D-414CBE1FA8CD}.DVD-5|Mixed Platforms.ActiveCfg = Debug|Any CPU
		{7CFF76B0-8947-4D04-817D-414CBE1FA8CD}.DVD-5|Mixed Platforms.Build.0 = Debug|Any CPU
		{7CFF76B0-8947-4D04-817D-414CBE1FA8CD}.DVD-5|Win32.ActiveCfg = Debug|Any CPU
		{7CFF76B0-8947-4D04-817D-414CBE1FA8CD}.DVD-5|x64.ActiveCfg = Debug|x64
		{7CFF76B0-8947-4D04-817D-414CBE1FA8CD}.DVD-5|x64.Build.0 = Debug|x64
		{7CFF76B0-8947-4D04-817D-414CBE1FA8CD}.DVD-5|x86.ActiveCfg = Debug|Any CPU
		{7CFF76B0-8947-4D04-817D-414CBE1FA8CD}.Release|Any CPU.ActiveCfg = Release|Any CPU
		{7CFF76B0-8947-4D04-817D-414CBE1FA8CD}.Release|Any CPU.Build.0 = Release|Any CPU
		{7CFF76B0-8947-4D04-817D-414CBE1FA8CD}.Release|Mixed Platforms.ActiveCfg = Release|Any CPU
		{7CFF76B0-8947-4D04-817D-414CBE1FA8CD}.Release|Mixed Platforms.Build.0 = Release|Any CPU
		{7CFF76B0-8947-4D04-817D-414CBE1FA8CD}.Release|Win32.ActiveCfg = Release|Any CPU
		{7CFF76B0-8947-4D04-817D-414CBE1FA8CD}.Release|x64.ActiveCfg = Release|x64
		{7CFF76B0-8947-4D04-817D-414CBE1FA8CD}.Release|x64.Build.0 = Release|x64
		{7CFF76B0-8947-4D04-817D-414CBE1FA8CD}.Release|x86.ActiveCfg = Release|Any CPU
		{7CFF76B0-8947-4D04-817D-414CBE1FA8CD}.SingleImage|Any CPU.ActiveCfg = Release|Any CPU
		{7CFF76B0-8947-4D04-817D-414CBE1FA8CD}.SingleImage|Any CPU.Build.0 = Release|Any CPU
		{7CFF76B0-8947-4D04-817D-414CBE1FA8CD}.SingleImage|Mixed Platforms.ActiveCfg = Release|Any CPU
		{7CFF76B0-8947-4D04-817D-414CBE1FA8CD}.SingleImage|Mixed Platforms.Build.0 = Release|Any CPU
		{7CFF76B0-8947-4D04-817D-414CBE1FA8CD}.SingleImage|Win32.ActiveCfg = Release|Any CPU
		{7CFF76B0-8947-4D04-817D-414CBE1FA8CD}.SingleImage|x64.ActiveCfg = Release|x64
		{7CFF76B0-8947-4D04-817D-414CBE1FA8CD}.SingleImage|x64.Build.0 = Release|x64
		{7CFF76B0-8947-4D04-817D-414CBE1FA8CD}.SingleImage|x86.ActiveCfg = Release|Any CPU
		{28EB463A-DD7B-41D3-94CE-96702D891E27}.CD_ROM|Any CPU.ActiveCfg = Release|x86
		{28EB463A-DD7B-41D3-94CE-96702D891E27}.CD_ROM|Mixed Platforms.ActiveCfg = Release|x86
		{28EB463A-DD7B-41D3-94CE-96702D891E27}.CD_ROM|Mixed Platforms.Build.0 = Release|x86
		{28EB463A-DD7B-41D3-94CE-96702D891E27}.CD_ROM|Win32.ActiveCfg = Release|x86
		{28EB463A-DD7B-41D3-94CE-96702D891E27}.CD_ROM|Win32.Build.0 = Release|x86
		{28EB463A-DD7B-41D3-94CE-96702D891E27}.CD_ROM|x64.ActiveCfg = Release|x64
		{28EB463A-DD7B-41D3-94CE-96702D891E27}.CD_ROM|x64.Build.0 = Release|x64
		{28EB463A-DD7B-41D3-94CE-96702D891E27}.CD_ROM|x86.ActiveCfg = Release|x86
		{28EB463A-DD7B-41D3-94CE-96702D891E27}.CD_ROM|x86.Build.0 = Release|x86
		{28EB463A-DD7B-41D3-94CE-96702D891E27}.Debug|Any CPU.ActiveCfg = Debug|x86
		{28EB463A-DD7B-41D3-94CE-96702D891E27}.Debug|Mixed Platforms.ActiveCfg = Debug|x86
		{28EB463A-DD7B-41D3-94CE-96702D891E27}.Debug|Mixed Platforms.Build.0 = Debug|x86
		{28EB463A-DD7B-41D3-94CE-96702D891E27}.Debug|Win32.ActiveCfg = Debug|x86
		{28EB463A-DD7B-41D3-94CE-96702D891E27}.Debug|Win32.Build.0 = Debug|x86
		{28EB463A-DD7B-41D3-94CE-96702D891E27}.Debug|x64.ActiveCfg = Debug|x64
		{28EB463A-DD7B-41D3-94CE-96702D891E27}.Debug|x64.Build.0 = Debug|x64
		{28EB463A-DD7B-41D3-94CE-96702D891E27}.Debug|x86.ActiveCfg = Debug|x86
		{28EB463A-DD7B-41D3-94CE-96702D891E27}.Debug|x86.Build.0 = Debug|x86
		{28EB463A-DD7B-41D3-94CE-96702D891E27}.DVD-5|Any CPU.ActiveCfg = Debug|x86
		{28EB463A-DD7B-41D3-94CE-96702D891E27}.DVD-5|Mixed Platforms.ActiveCfg = Debug|x86
		{28EB463A-DD7B-41D3-94CE-96702D891E27}.DVD-5|Mixed Platforms.Build.0 = Debug|x86
		{28EB463A-DD7B-41D3-94CE-96702D891E27}.DVD-5|Win32.ActiveCfg = Debug|x86
		{28EB463A-DD7B-41D3-94CE-96702D891E27}.DVD-5|Win32.Build.0 = Debug|x86
		{28EB463A-DD7B-41D3-94CE-96702D891E27}.DVD-5|x64.ActiveCfg = Debug|x64
		{28EB463A-DD7B-41D3-94CE-96702D891E27}.DVD-5|x64.Build.0 = Debug|x64
		{28EB463A-DD7B-41D3-94CE-96702D891E27}.DVD-5|x86.ActiveCfg = Debug|x86
		{28EB463A-DD7B-41D3-94CE-96702D891E27}.DVD-5|x86.Build.0 = Debug|x86
		{28EB463A-DD7B-41D3-94CE-96702D891E27}.Release|Any CPU.ActiveCfg = Release|x86
		{28EB463A-DD7B-41D3-94CE-96702D891E27}.Release|Mixed Platforms.ActiveCfg = Release|x86
		{28EB463A-DD7B-41D3-94CE-96702D891E27}.Release|Mixed Platforms.Build.0 = Release|x86
		{28EB463A-DD7B-41D3-94CE-96702D891E27}.Release|Win32.ActiveCfg = Release|x86
		{28EB463A-DD7B-41D3-94CE-96702D891E27}.Release|Win32.Build.0 = Release|x86
		{28EB463A-DD7B-41D3-94CE-96702D891E27}.Release|x64.ActiveCfg = Release|x64
		{28EB463A-DD7B-41D3-94CE-96702D891E27}.Release|x64.Build.0 = Release|x64
		{28EB463A-DD7B-41D3-94CE-96702D891E27}.Release|x86.ActiveCfg = Release|x86
		{28EB463A-DD7B-41D3-94CE-96702D891E27}.Release|x86.Build.0 = Release|x86
		{28EB463A-DD7B-41D3-94CE-96702D891E27}.SingleImage|Any CPU.ActiveCfg = Release|x86
		{28EB463A-DD7B-41D3-94CE-96702D891E27}.SingleImage|Mixed Platforms.ActiveCfg = Release|x86
		{28EB463A-DD7B-41D3-94CE-96702D891E27}.SingleImage|Mixed Platforms.Build.0 = Release|x86
		{28EB463A-DD7B-41D3-94CE-96702D891E27}.SingleImage|Win32.ActiveCfg = Release|x86
		{28EB463A-DD7B-41D3-94CE-96702D891E27}.SingleImage|Win32.Build.0 = Release|x86
		{28EB463A-DD7B-41D3-94CE-96702D891E27}.SingleImage|x64.ActiveCfg = Release|x64
		{28EB463A-DD7B-41D3-94CE-96702D891E27}.SingleImage|x64.Build.0 = Release|x64
		{28EB463A-DD7B-41D3-94CE-96702D891E27}.SingleImage|x86.ActiveCfg = Release|x86
		{28EB463A-DD7B-41D3-94CE-96702D891E27}.SingleImage|x86.Build.0 = Release|x86
		{82043183-F9EF-4154-B37D-42F982E04031}.CD_ROM|Any CPU.ActiveCfg = Release|Any CPU
		{82043183-F9EF-4154-B37D-42F982E04031}.CD_ROM|Any CPU.Build.0 = Release|Any CPU
		{82043183-F9EF-4154-B37D-42F982E04031}.CD_ROM|Mixed Platforms.ActiveCfg = Release|Any CPU
		{82043183-F9EF-4154-B37D-42F982E04031}.CD_ROM|Mixed Platforms.Build.0 = Release|Any CPU
		{82043183-F9EF-4154-B37D-42F982E04031}.CD_ROM|Win32.ActiveCfg = Release|Any CPU
		{82043183-F9EF-4154-B37D-42F982E04031}.CD_ROM|x64.ActiveCfg = Release|Any CPU
		{82043183-F9EF-4154-B37D-42F982E04031}.CD_ROM|x86.ActiveCfg = Release|Any CPU
		{82043183-F9EF-4154-B37D-42F982E04031}.Debug|Any CPU.ActiveCfg = Debug|Any CPU
		{82043183-F9EF-4154-B37D-42F982E04031}.Debug|Any CPU.Build.0 = Debug|Any CPU
		{82043183-F9EF-4154-B37D-42F982E04031}.Debug|Mixed Platforms.ActiveCfg = Debug|Any CPU
		{82043183-F9EF-4154-B37D-42F982E04031}.Debug|Mixed Platforms.Build.0 = Debug|Any CPU
		{82043183-F9EF-4154-B37D-42F982E04031}.Debug|Win32.ActiveCfg = Debug|Any CPU
		{82043183-F9EF-4154-B37D-42F982E04031}.Debug|x64.ActiveCfg = Debug|Any CPU
		{82043183-F9EF-4154-B37D-42F982E04031}.Debug|x86.ActiveCfg = Debug|Any CPU
		{82043183-F9EF-4154-B37D-42F982E04031}.DVD-5|Any CPU.ActiveCfg = Debug|Any CPU
		{82043183-F9EF-4154-B37D-42F982E04031}.DVD-5|Any CPU.Build.0 = Debug|Any CPU
		{82043183-F9EF-4154-B37D-42F982E04031}.DVD-5|Mixed Platforms.ActiveCfg = Debug|Any CPU
		{82043183-F9EF-4154-B37D-42F982E04031}.DVD-5|Mixed Platforms.Build.0 = Debug|Any CPU
		{82043183-F9EF-4154-B37D-42F982E04031}.DVD-5|Win32.ActiveCfg = Debug|Any CPU
		{82043183-F9EF-4154-B37D-42F982E04031}.DVD-5|x64.ActiveCfg = Debug|Any CPU
		{82043183-F9EF-4154-B37D-42F982E04031}.DVD-5|x86.ActiveCfg = Debug|Any CPU
		{82043183-F9EF-4154-B37D-42F982E04031}.Release|Any CPU.ActiveCfg = Release|Any CPU
		{82043183-F9EF-4154-B37D-42F982E04031}.Release|Any CPU.Build.0 = Release|Any CPU
		{82043183-F9EF-4154-B37D-42F982E04031}.Release|Mixed Platforms.ActiveCfg = Release|Any CPU
		{82043183-F9EF-4154-B37D-42F982E04031}.Release|Mixed Platforms.Build.0 = Release|Any CPU
		{82043183-F9EF-4154-B37D-42F982E04031}.Release|Win32.ActiveCfg = Release|Any CPU
		{82043183-F9EF-4154-B37D-42F982E04031}.Release|x64.ActiveCfg = Release|Any CPU
		{82043183-F9EF-4154-B37D-42F982E04031}.Release|x86.ActiveCfg = Release|Any CPU
		{82043183-F9EF-4154-B37D-42F982E04031}.SingleImage|Any CPU.ActiveCfg = Release|Any CPU
		{82043183-F9EF-4154-B37D-42F982E04031}.SingleImage|Any CPU.Build.0 = Release|Any CPU
		{82043183-F9EF-4154-B37D-42F982E04031}.SingleImage|Mixed Platforms.ActiveCfg = Release|Any CPU
		{82043183-F9EF-4154-B37D-42F982E04031}.SingleImage|Mixed Platforms.Build.0 = Release|Any CPU
		{82043183-F9EF-4154-B37D-42F982E04031}.SingleImage|Win32.ActiveCfg = Release|Any CPU
		{82043183-F9EF-4154-B37D-42F982E04031}.SingleImage|x64.ActiveCfg = Release|Any CPU
		{82043183-F9EF-4154-B37D-42F982E04031}.SingleImage|x86.ActiveCfg = Release|Any CPU
		{37E4E236-AD77-45B4-8371-3A21E865A63B}.CD_ROM|Any CPU.ActiveCfg = Release|Any CPU
		{37E4E236-AD77-45B4-8371-3A21E865A63B}.CD_ROM|Any CPU.Build.0 = Release|Any CPU
		{37E4E236-AD77-45B4-8371-3A21E865A63B}.CD_ROM|Mixed Platforms.ActiveCfg = Release|Any CPU
		{37E4E236-AD77-45B4-8371-3A21E865A63B}.CD_ROM|Mixed Platforms.Build.0 = Release|Any CPU
		{37E4E236-AD77-45B4-8371-3A21E865A63B}.CD_ROM|Win32.ActiveCfg = Release|Any CPU
		{37E4E236-AD77-45B4-8371-3A21E865A63B}.CD_ROM|x64.ActiveCfg = Release|Any CPU
		{37E4E236-AD77-45B4-8371-3A21E865A63B}.CD_ROM|x86.ActiveCfg = Release|Any CPU
		{37E4E236-AD77-45B4-8371-3A21E865A63B}.Debug|Any CPU.ActiveCfg = Debug|Any CPU
		{37E4E236-AD77-45B4-8371-3A21E865A63B}.Debug|Any CPU.Build.0 = Debug|Any CPU
		{37E4E236-AD77-45B4-8371-3A21E865A63B}.Debug|Mixed Platforms.ActiveCfg = Debug|Any CPU
		{37E4E236-AD77-45B4-8371-3A21E865A63B}.Debug|Mixed Platforms.Build.0 = Debug|Any CPU
		{37E4E236-AD77-45B4-8371-3A21E865A63B}.Debug|Win32.ActiveCfg = Debug|Any CPU
		{37E4E236-AD77-45B4-8371-3A21E865A63B}.Debug|x64.ActiveCfg = Debug|Any CPU
		{37E4E236-AD77-45B4-8371-3A21E865A63B}.Debug|x86.ActiveCfg = Debug|Any CPU
		{37E4E236-AD77-45B4-8371-3A21E865A63B}.DVD-5|Any CPU.ActiveCfg = Debug|Any CPU
		{37E4E236-AD77-45B4-8371-3A21E865A63B}.DVD-5|Any CPU.Build.0 = Debug|Any CPU
		{37E4E236-AD77-45B4-8371-3A21E865A63B}.DVD-5|Mixed Platforms.ActiveCfg = Debug|Any CPU
		{37E4E236-AD77-45B4-8371-3A21E865A63B}.DVD-5|Mixed Platforms.Build.0 = Debug|Any CPU
		{37E4E236-AD77-45B4-8371-3A21E865A63B}.DVD-5|Win32.ActiveCfg = Debug|Any CPU
		{37E4E236-AD77-45B4-8371-3A21E865A63B}.DVD-5|x64.ActiveCfg = Debug|Any CPU
		{37E4E236-AD77-45B4-8371-3A21E865A63B}.DVD-5|x86.ActiveCfg = Debug|Any CPU
		{37E4E236-AD77-45B4-8371-3A21E865A63B}.Release|Any CPU.ActiveCfg = Release|Any CPU
		{37E4E236-AD77-45B4-8371-3A21E865A63B}.Release|Any CPU.Build.0 = Release|Any CPU
		{37E4E236-AD77-45B4-8371-3A21E865A63B}.Release|Mixed Platforms.ActiveCfg = Release|Any CPU
		{37E4E236-AD77-45B4-8371-3A21E865A63B}.Release|Mixed Platforms.Build.0 = Release|Any CPU
		{37E4E236-AD77-45B4-8371-3A21E865A63B}.Release|Win32.ActiveCfg = Release|Any CPU
		{37E4E236-AD77-45B4-8371-3A21E865A63B}.Release|x64.ActiveCfg = Release|Any CPU
		{37E4E236-AD77-45B4-8371-3A21E865A63B}.Release|x86.ActiveCfg = Release|Any CPU
		{37E4E236-AD77-45B4-8371-3A21E865A63B}.SingleImage|Any CPU.ActiveCfg = Release|Any CPU
		{37E4E236-AD77-45B4-8371-3A21E865A63B}.SingleImage|Any CPU.Build.0 = Release|Any CPU
		{37E4E236-AD77-45B4-8371-3A21E865A63B}.SingleImage|Mixed Platforms.ActiveCfg = Release|Any CPU
		{37E4E236-AD77-45B4-8371-3A21E865A63B}.SingleImage|Mixed Platforms.Build.0 = Release|Any CPU
		{37E4E236-AD77-45B4-8371-3A21E865A63B}.SingleImage|Win32.ActiveCfg = Release|Any CPU
		{37E4E236-AD77-45B4-8371-3A21E865A63B}.SingleImage|x64.ActiveCfg = Release|Any CPU
		{37E4E236-AD77-45B4-8371-3A21E865A63B}.SingleImage|x86.ActiveCfg = Release|Any CPU
		{21D87263-A5DC-41EB-9E49-1F3D620DE65F}.CD_ROM|Any CPU.ActiveCfg = Release|Any CPU
		{21D87263-A5DC-41EB-9E49-1F3D620DE65F}.CD_ROM|Any CPU.Build.0 = Release|Any CPU
		{21D87263-A5DC-41EB-9E49-1F3D620DE65F}.CD_ROM|Mixed Platforms.ActiveCfg = Release|Any CPU
		{21D87263-A5DC-41EB-9E49-1F3D620DE65F}.CD_ROM|Mixed Platforms.Build.0 = Release|Any CPU
		{21D87263-A5DC-41EB-9E49-1F3D620DE65F}.CD_ROM|Win32.ActiveCfg = Release|Any CPU
		{21D87263-A5DC-41EB-9E49-1F3D620DE65F}.CD_ROM|x64.ActiveCfg = Release|Any CPU
		{21D87263-A5DC-41EB-9E49-1F3D620DE65F}.CD_ROM|x86.ActiveCfg = Release|Any CPU
		{21D87263-A5DC-41EB-9E49-1F3D620DE65F}.Debug|Any CPU.ActiveCfg = Debug|Any CPU
		{21D87263-A5DC-41EB-9E49-1F3D620DE65F}.Debug|Any CPU.Build.0 = Debug|Any CPU
		{21D87263-A5DC-41EB-9E49-1F3D620DE65F}.Debug|Mixed Platforms.ActiveCfg = Debug|Any CPU
		{21D87263-A5DC-41EB-9E49-1F3D620DE65F}.Debug|Mixed Platforms.Build.0 = Debug|Any CPU
		{21D87263-A5DC-41EB-9E49-1F3D620DE65F}.Debug|Win32.ActiveCfg = Debug|Any CPU
		{21D87263-A5DC-41EB-9E49-1F3D620DE65F}.Debug|x64.ActiveCfg = Debug|Any CPU
		{21D87263-A5DC-41EB-9E49-1F3D620DE65F}.Debug|x86.ActiveCfg = Debug|Any CPU
		{21D87263-A5DC-41EB-9E49-1F3D620DE65F}.DVD-5|Any CPU.ActiveCfg = Debug|Any CPU
		{21D87263-A5DC-41EB-9E49-1F3D620DE65F}.DVD-5|Any CPU.Build.0 = Debug|Any CPU
		{21D87263-A5DC-41EB-9E49-1F3D620DE65F}.DVD-5|Mixed Platforms.ActiveCfg = Debug|Any CPU
		{21D87263-A5DC-41EB-9E49-1F3D620DE65F}.DVD-5|Mixed Platforms.Build.0 = Debug|Any CPU
		{21D87263-A5DC-41EB-9E49-1F3D620DE65F}.DVD-5|Win32.ActiveCfg = Debug|Any CPU
		{21D87263-A5DC-41EB-9E49-1F3D620DE65F}.DVD-5|x64.ActiveCfg = Debug|Any CPU
		{21D87263-A5DC-41EB-9E49-1F3D620DE65F}.DVD-5|x86.ActiveCfg = Debug|Any CPU
		{21D87263-A5DC-41EB-9E49-1F3D620DE65F}.Release|Any CPU.ActiveCfg = Release|Any CPU
		{21D87263-A5DC-41EB-9E49-1F3D620DE65F}.Release|Any CPU.Build.0 = Release|Any CPU
		{21D87263-A5DC-41EB-9E49-1F3D620DE65F}.Release|Mixed Platforms.ActiveCfg = Release|Any CPU
		{21D87263-A5DC-41EB-9E49-1F3D620DE65F}.Release|Mixed Platforms.Build.0 = Release|Any CPU
		{21D87263-A5DC-41EB-9E49-1F3D620DE65F}.Release|Win32.ActiveCfg = Release|Any CPU
		{21D87263-A5DC-41EB-9E49-1F3D620DE65F}.Release|x64.ActiveCfg = Release|Any CPU
		{21D87263-A5DC-41EB-9E49-1F3D620DE65F}.Release|x86.ActiveCfg = Release|Any CPU
		{21D87263-A5DC-41EB-9E49-1F3D620DE65F}.SingleImage|Any CPU.ActiveCfg = Release|Any CPU
		{21D87263-A5DC-41EB-9E49-1F3D620DE65F}.SingleImage|Any CPU.Build.0 = Release|Any CPU
		{21D87263-A5DC-41EB-9E49-1F3D620DE65F}.SingleImage|Mixed Platforms.ActiveCfg = Release|Any CPU
		{21D87263-A5DC-41EB-9E49-1F3D620DE65F}.SingleImage|Mixed Platforms.Build.0 = Release|Any CPU
		{21D87263-A5DC-41EB-9E49-1F3D620DE65F}.SingleImage|Win32.ActiveCfg = Release|Any CPU
		{21D87263-A5DC-41EB-9E49-1F3D620DE65F}.SingleImage|x64.ActiveCfg = Release|Any CPU
		{21D87263-A5DC-41EB-9E49-1F3D620DE65F}.SingleImage|x86.ActiveCfg = Release|Any CPU
		{66EBF04C-8814-4AAD-BF11-3C58894C4148}.CD_ROM|Any CPU.ActiveCfg = Release|Any CPU
		{66EBF04C-8814-4AAD-BF11-3C58894C4148}.CD_ROM|Any CPU.Build.0 = Release|Any CPU
		{66EBF04C-8814-4AAD-BF11-3C58894C4148}.CD_ROM|Mixed Platforms.ActiveCfg = Release|Any CPU
		{66EBF04C-8814-4AAD-BF11-3C58894C4148}.CD_ROM|Mixed Platforms.Build.0 = Release|Any CPU
		{66EBF04C-8814-4AAD-BF11-3C58894C4148}.CD_ROM|Win32.ActiveCfg = Release|Any CPU
		{66EBF04C-8814-4AAD-BF11-3C58894C4148}.CD_ROM|x64.ActiveCfg = Release|Any CPU
		{66EBF04C-8814-4AAD-BF11-3C58894C4148}.CD_ROM|x86.ActiveCfg = Release|Any CPU
		{66EBF04C-8814-4AAD-BF11-3C58894C4148}.Debug|Any CPU.ActiveCfg = Debug|Any CPU
		{66EBF04C-8814-4AAD-BF11-3C58894C4148}.Debug|Any CPU.Build.0 = Debug|Any CPU
		{66EBF04C-8814-4AAD-BF11-3C58894C4148}.Debug|Mixed Platforms.ActiveCfg = Debug|Any CPU
		{66EBF04C-8814-4AAD-BF11-3C58894C4148}.Debug|Mixed Platforms.Build.0 = Debug|Any CPU
		{66EBF04C-8814-4AAD-BF11-3C58894C4148}.Debug|Win32.ActiveCfg = Debug|Any CPU
		{66EBF04C-8814-4AAD-BF11-3C58894C4148}.Debug|x64.ActiveCfg = Debug|Any CPU
		{66EBF04C-8814-4AAD-BF11-3C58894C4148}.Debug|x86.ActiveCfg = Debug|Any CPU
		{66EBF04C-8814-4AAD-BF11-3C58894C4148}.DVD-5|Any CPU.ActiveCfg = Debug|Any CPU
		{66EBF04C-8814-4AAD-BF11-3C58894C4148}.DVD-5|Any CPU.Build.0 = Debug|Any CPU
		{66EBF04C-8814-4AAD-BF11-3C58894C4148}.DVD-5|Mixed Platforms.ActiveCfg = Debug|Any CPU
		{66EBF04C-8814-4AAD-BF11-3C58894C4148}.DVD-5|Mixed Platforms.Build.0 = Debug|Any CPU
		{66EBF04C-8814-4AAD-BF11-3C58894C4148}.DVD-5|Win32.ActiveCfg = Debug|Any CPU
		{66EBF04C-8814-4AAD-BF11-3C58894C4148}.DVD-5|x64.ActiveCfg = Debug|Any CPU
		{66EBF04C-8814-4AAD-BF11-3C58894C4148}.DVD-5|x86.ActiveCfg = Debug|Any CPU
		{66EBF04C-8814-4AAD-BF11-3C58894C4148}.Release|Any CPU.ActiveCfg = Release|Any CPU
		{66EBF04C-8814-4AAD-BF11-3C58894C4148}.Release|Any CPU.Build.0 = Release|Any CPU
		{66EBF04C-8814-4AAD-BF11-3C58894C4148}.Release|Mixed Platforms.ActiveCfg = Release|Any CPU
		{66EBF04C-8814-4AAD-BF11-3C58894C4148}.Release|Mixed Platforms.Build.0 = Release|Any CPU
		{66EBF04C-8814-4AAD-BF11-3C58894C4148}.Release|Win32.ActiveCfg = Release|Any CPU
		{66EBF04C-8814-4AAD-BF11-3C58894C4148}.Release|x64.ActiveCfg = Release|Any CPU
		{66EBF04C-8814-4AAD-BF11-3C58894C4148}.Release|x86.ActiveCfg = Release|Any CPU
		{66EBF04C-8814-4AAD-BF11-3C58894C4148}.SingleImage|Any CPU.ActiveCfg = Release|Any CPU
		{66EBF04C-8814-4AAD-BF11-3C58894C4148}.SingleImage|Any CPU.Build.0 = Release|Any CPU
		{66EBF04C-8814-4AAD-BF11-3C58894C4148}.SingleImage|Mixed Platforms.ActiveCfg = Release|Any CPU
		{66EBF04C-8814-4AAD-BF11-3C58894C4148}.SingleImage|Mixed Platforms.Build.0 = Release|Any CPU
		{66EBF04C-8814-4AAD-BF11-3C58894C4148}.SingleImage|Win32.ActiveCfg = Release|Any CPU
		{66EBF04C-8814-4AAD-BF11-3C58894C4148}.SingleImage|x64.ActiveCfg = Release|Any CPU
		{66EBF04C-8814-4AAD-BF11-3C58894C4148}.SingleImage|x86.ActiveCfg = Release|Any CPU
		{6E204CE8-86AA-4EDC-8D0D-64ED22816BB6}.CD_ROM|Any CPU.ActiveCfg = Release|Any CPU
		{6E204CE8-86AA-4EDC-8D0D-64ED22816BB6}.CD_ROM|Any CPU.Build.0 = Release|Any CPU
		{6E204CE8-86AA-4EDC-8D0D-64ED22816BB6}.CD_ROM|Mixed Platforms.ActiveCfg = Release|Any CPU
		{6E204CE8-86AA-4EDC-8D0D-64ED22816BB6}.CD_ROM|Mixed Platforms.Build.0 = Release|Any CPU
		{6E204CE8-86AA-4EDC-8D0D-64ED22816BB6}.CD_ROM|Win32.ActiveCfg = Release|Any CPU
		{6E204CE8-86AA-4EDC-8D0D-64ED22816BB6}.CD_ROM|x64.ActiveCfg = Release|Any CPU
		{6E204CE8-86AA-4EDC-8D0D-64ED22816BB6}.CD_ROM|x86.ActiveCfg = Release|Any CPU
		{6E204CE8-86AA-4EDC-8D0D-64ED22816BB6}.Debug|Any CPU.ActiveCfg = Debug|Any CPU
		{6E204CE8-86AA-4EDC-8D0D-64ED22816BB6}.Debug|Any CPU.Build.0 = Debug|Any CPU
		{6E204CE8-86AA-4EDC-8D0D-64ED22816BB6}.Debug|Mixed Platforms.ActiveCfg = Debug|Any CPU
		{6E204CE8-86AA-4EDC-8D0D-64ED22816BB6}.Debug|Mixed Platforms.Build.0 = Debug|Any CPU
		{6E204CE8-86AA-4EDC-8D0D-64ED22816BB6}.Debug|Win32.ActiveCfg = Debug|Any CPU
		{6E204CE8-86AA-4EDC-8D0D-64ED22816BB6}.Debug|x64.ActiveCfg = Debug|Any CPU
		{6E204CE8-86AA-4EDC-8D0D-64ED22816BB6}.Debug|x86.ActiveCfg = Debug|Any CPU
		{6E204CE8-86AA-4EDC-8D0D-64ED22816BB6}.DVD-5|Any CPU.ActiveCfg = Debug|Any CPU
		{6E204CE8-86AA-4EDC-8D0D-64ED22816BB6}.DVD-5|Any CPU.Build.0 = Debug|Any CPU
		{6E204CE8-86AA-4EDC-8D0D-64ED22816BB6}.DVD-5|Mixed Platforms.ActiveCfg = Debug|Any CPU
		{6E204CE8-86AA-4EDC-8D0D-64ED22816BB6}.DVD-5|Mixed Platforms.Build.0 = Debug|Any CPU
		{6E204CE8-86AA-4EDC-8D0D-64ED22816BB6}.DVD-5|Win32.ActiveCfg = Debug|Any CPU
		{6E204CE8-86AA-4EDC-8D0D-64ED22816BB6}.DVD-5|x64.ActiveCfg = Debug|Any CPU
		{6E204CE8-86AA-4EDC-8D0D-64ED22816BB6}.DVD-5|x86.ActiveCfg = Debug|Any CPU
		{6E204CE8-86AA-4EDC-8D0D-64ED22816BB6}.Release|Any CPU.ActiveCfg = Release|Any CPU
		{6E204CE8-86AA-4EDC-8D0D-64ED22816BB6}.Release|Any CPU.Build.0 = Release|Any CPU
		{6E204CE8-86AA-4EDC-8D0D-64ED22816BB6}.Release|Mixed Platforms.ActiveCfg = Release|Any CPU
		{6E204CE8-86AA-4EDC-8D0D-64ED22816BB6}.Release|Mixed Platforms.Build.0 = Release|Any CPU
		{6E204CE8-86AA-4EDC-8D0D-64ED22816BB6}.Release|Win32.ActiveCfg = Release|Any CPU
		{6E204CE8-86AA-4EDC-8D0D-64ED22816BB6}.Release|x64.ActiveCfg = Release|Any CPU
		{6E204CE8-86AA-4EDC-8D0D-64ED22816BB6}.Release|x86.ActiveCfg = Release|Any CPU
		{6E204CE8-86AA-4EDC-8D0D-64ED22816BB6}.SingleImage|Any CPU.ActiveCfg = Release|Any CPU
		{6E204CE8-86AA-4EDC-8D0D-64ED22816BB6}.SingleImage|Any CPU.Build.0 = Release|Any CPU
		{6E204CE8-86AA-4EDC-8D0D-64ED22816BB6}.SingleImage|Mixed Platforms.ActiveCfg = Release|Any CPU
		{6E204CE8-86AA-4EDC-8D0D-64ED22816BB6}.SingleImage|Mixed Platforms.Build.0 = Release|Any CPU
		{6E204CE8-86AA-4EDC-8D0D-64ED22816BB6}.SingleImage|Win32.ActiveCfg = Release|Any CPU
		{6E204CE8-86AA-4EDC-8D0D-64ED22816BB6}.SingleImage|x64.ActiveCfg = Release|Any CPU
		{6E204CE8-86AA-4EDC-8D0D-64ED22816BB6}.SingleImage|x86.ActiveCfg = Release|Any CPU
	EndGlobalSection
	GlobalSection(SolutionProperties) = preSolution
		HideSolutionNode = FALSE
	EndGlobalSection
EndGlobal
